
Microsoft Visual Studio Solution File, Format Version 12.00
# Visual Studio Version 16
VisualStudioVersion = 16.0.29905.134
MinimumVisualStudioVersion = 10.0.40219.1
Project("{FAE04EC0-301F-11D3-BF4B-00C04F79EFBC}") = "HelpScoutSharp", "HelpScoutSharp\HelpScoutSharp.csproj", "{607A2090-D685-4BC6-8A63-9BEF382D9E70}"
EndProject
Project("{FAE04EC0-301F-11D3-BF4B-00C04F79EFBC}") = "HelpScoutSharp.Tests", "HelpScoutSharp.Tests\HelpScoutSharp.Tests.csproj", "{0DB7C59C-D17D-462A-B2A1-D471254EEC8C}"
EndProject
Global
	GlobalSection(SolutionConfigurationPlatforms) = preSolution
		Debug|Any CPU = Debug|Any CPU
		Release|Any CPU = Release|Any CPU
	EndGlobalSection
	GlobalSection(ProjectConfigurationPlatforms) = postSolution
		{607A2090-D685-4BC6-8A63-9BEF382D9E70}.Debug|Any CPU.ActiveCfg = Debug|Any CPU
		{607A2090-D685-4BC6-8A63-9BEF382D9E70}.Debug|Any CPU.Build.0 = Debug|Any CPU
		{607A2090-D685-4BC6-8A63-9BEF382D9E70}.Release|Any CPU.ActiveCfg = Release|Any CPU
		{607A2090-D685-4BC6-8A63-9BEF382D9E70}.Release|Any CPU.Build.0 = Release|Any CPU
		{0DB7C59C-D17D-462A-B2A1-D471254EEC8C}.Debug|Any CPU.ActiveCfg = Debug|Any CPU
		{0DB7C59C-D17D-462A-B2A1-D471254EEC8C}.Debug|Any CPU.Build.0 = Debug|Any CPU
		{0DB7C59C-D17D-462A-B2A1-D471254EEC8C}.Release|Any CPU.ActiveCfg = Release|Any CPU
		{0DB7C59C-D17D-462A-B2A1-D471254EEC8C}.Release|Any CPU.Build.0 = Release|Any CPU
	EndGlobalSection
	GlobalSection(SolutionProperties) = preSolution
		HideSolutionNode = FALSE
	EndGlobalSection
	GlobalSection(ExtensibilityGlobals) = postSolution
		SolutionGuid = {C4691EE1-E4FD-494C-8796-E7208FBA3884}
	EndGlobalSection
EndGlobal
